// !$*UTF8*$!
{
	archiveVersion = 1;
	classes = {
	};
	objectVersion = 56;
	objects = {

/* Begin PBXBuildFile section */
		6527C73929BAFF7000FFDD17 /* SkeletonView in Frameworks */ = {isa = PBXBuildFile; productRef = 6527C73829BAFF7000FFDD17 /* SkeletonView */; };
		655CBEBF29BEE72B00876D91 /* Contentsize.swift in Sources */ = {isa = PBXBuildFile; fileRef = 655CBEBE29BEE72B00876D91 /* Contentsize.swift */; };
		655CBEC229C016D300876D91 /* Moya in Frameworks */ = {isa = PBXBuildFile; productRef = 655CBEC129C016D300876D91 /* Moya */; };
		655CBEC429C016D300876D91 /* RxMoya in Frameworks */ = {isa = PBXBuildFile; productRef = 655CBEC329C016D300876D91 /* RxMoya */; };
		655CBEC729C016F400876D91 /* APIManager.swift in Sources */ = {isa = PBXBuildFile; fileRef = 655CBEC629C016F400876D91 /* APIManager.swift */; };
		655CBECA29C0196100876D91 /* ObserverType+ObjectMapper.swift in Sources */ = {isa = PBXBuildFile; fileRef = 655CBEC929C0196100876D91 /* ObserverType+ObjectMapper.swift */; };
		655CBECC29C0197D00876D91 /* Observable+ObjectMapper.swift in Sources */ = {isa = PBXBuildFile; fileRef = 655CBECB29C0197D00876D91 /* Observable+ObjectMapper.swift */; };
		655CBECE29C0198A00876D91 /* Single+MoyaObjectMapper.swift in Sources */ = {isa = PBXBuildFile; fileRef = 655CBECD29C0198A00876D91 /* Single+MoyaObjectMapper.swift */; };
		655CBED129C019CC00876D91 /* FirstMoyaAPI.swift in Sources */ = {isa = PBXBuildFile; fileRef = 655CBED029C019CC00876D91 /* FirstMoyaAPI.swift */; };
		65E6A78529B87CAB00D1CDEB /* AppDelegate.swift in Sources */ = {isa = PBXBuildFile; fileRef = 65E6A78429B87CAB00D1CDEB /* AppDelegate.swift */; };
		65E6A78729B87CAB00D1CDEB /* SceneDelegate.swift in Sources */ = {isa = PBXBuildFile; fileRef = 65E6A78629B87CAB00D1CDEB /* SceneDelegate.swift */; };
		65E6A78F29B87CAB00D1CDEB /* DemoStockCrawlerRx.xcdatamodeld in Sources */ = {isa = PBXBuildFile; fileRef = 65E6A78D29B87CAB00D1CDEB /* DemoStockCrawlerRx.xcdatamodeld */; };
		65E6A79129B87CAB00D1CDEB /* Assets.xcassets in Resources */ = {isa = PBXBuildFile; fileRef = 65E6A79029B87CAB00D1CDEB /* Assets.xcassets */; };
		65E6A79429B87CAB00D1CDEB /* LaunchScreen.storyboard in Resources */ = {isa = PBXBuildFile; fileRef = 65E6A79229B87CAB00D1CDEB /* LaunchScreen.storyboard */; };
		65E6A79E29B87D8E00D1CDEB /* FirstInputVC.xib in Resources */ = {isa = PBXBuildFile; fileRef = 65E6A79B29B87D8E00D1CDEB /* FirstInputVC.xib */; };
		65E6A79F29B87D8E00D1CDEB /* FirstInputVM.swift in Sources */ = {isa = PBXBuildFile; fileRef = 65E6A79C29B87D8E00D1CDEB /* FirstInputVM.swift */; };
		65E6A7A029B87D8E00D1CDEB /* FirstInputVC.swift in Sources */ = {isa = PBXBuildFile; fileRef = 65E6A79D29B87D8E00D1CDEB /* FirstInputVC.swift */; };
		65E6A7A329B87DC500D1CDEB /* RxCocoa in Frameworks */ = {isa = PBXBuildFile; productRef = 65E6A7A229B87DC500D1CDEB /* RxCocoa */; };
		65E6A7A529B87DC500D1CDEB /* RxSwift in Frameworks */ = {isa = PBXBuildFile; productRef = 65E6A7A429B87DC500D1CDEB /* RxSwift */; };
		65E6A7A829B87DCF00D1CDEB /* ObjectMapper in Frameworks */ = {isa = PBXBuildFile; productRef = 65E6A7A729B87DCF00D1CDEB /* ObjectMapper */; };
		65E6A7AB29B87DDC00D1CDEB /* MBProgressHUD in Frameworks */ = {isa = PBXBuildFile; productRef = 65E6A7AA29B87DDC00D1CDEB /* MBProgressHUD */; };
		65E6A7AE29B87DEA00D1CDEB /* Alamofire in Frameworks */ = {isa = PBXBuildFile; productRef = 65E6A7AD29B87DEA00D1CDEB /* Alamofire */; };
		65E6A7B129B87E0100D1CDEB /* Tools.swift in Sources */ = {isa = PBXBuildFile; fileRef = 65E6A7B029B87E0100D1CDEB /* Tools.swift */; };
		65E6A7B429B87E2200D1CDEB /* CellDataModel.swift in Sources */ = {isa = PBXBuildFile; fileRef = 65E6A7B329B87E2200D1CDEB /* CellDataModel.swift */; };
		65E6A7B629B87E2C00D1CDEB /* CellIdentifier.swift in Sources */ = {isa = PBXBuildFile; fileRef = 65E6A7B529B87E2C00D1CDEB /* CellIdentifier.swift */; };
		65E6A7B829B87E3800D1CDEB /* RowDataSource.swift in Sources */ = {isa = PBXBuildFile; fileRef = 65E6A7B729B87E3800D1CDEB /* RowDataSource.swift */; };
		65E6A7BC29B87E6D00D1CDEB /* TableDataSource.swift in Sources */ = {isa = PBXBuildFile; fileRef = 65E6A7BB29B87E6D00D1CDEB /* TableDataSource.swift */; };
		65E6A7BE29B87E7B00D1CDEB /* CollectionDataSource.swift in Sources */ = {isa = PBXBuildFile; fileRef = 65E6A7BD29B87E7B00D1CDEB /* CollectionDataSource.swift */; };
		65E6A7C029B87E8800D1CDEB /* SectionDataSource.swift in Sources */ = {isa = PBXBuildFile; fileRef = 65E6A7BF29B87E8800D1CDEB /* SectionDataSource.swift */; };
		65E6A7C329B87EA300D1CDEB /* UITableViewCell+Extension.swift in Sources */ = {isa = PBXBuildFile; fileRef = 65E6A7C229B87EA300D1CDEB /* UITableViewCell+Extension.swift */; };
		65E6A7C529B87EAE00D1CDEB /* UICollectionViewCell+Extension.swift in Sources */ = {isa = PBXBuildFile; fileRef = 65E6A7C429B87EAE00D1CDEB /* UICollectionViewCell+Extension.swift */; };
		65E6A7C729B87EB900D1CDEB /* UICollectionReusableView+Extension.swift in Sources */ = {isa = PBXBuildFile; fileRef = 65E6A7C629B87EB900D1CDEB /* UICollectionReusableView+Extension.swift */; };
		65E6A7C929B87EC300D1CDEB /* UIAlertController+Extension.swift in Sources */ = {isa = PBXBuildFile; fileRef = 65E6A7C829B87EC300D1CDEB /* UIAlertController+Extension.swift */; };
		65E6A7CB29B87ECD00D1CDEB /* UIViewController+Extension.swift in Sources */ = {isa = PBXBuildFile; fileRef = 65E6A7CA29B87ECD00D1CDEB /* UIViewController+Extension.swift */; };
		65E6A7CF29B87EF600D1CDEB /* NoneCVReusableView.swift in Sources */ = {isa = PBXBuildFile; fileRef = 65E6A7CD29B87EF600D1CDEB /* NoneCVReusableView.swift */; };
		65E6A7D029B87EF600D1CDEB /* NoneCVReusableView.xib in Resources */ = {isa = PBXBuildFile; fileRef = 65E6A7CE29B87EF600D1CDEB /* NoneCVReusableView.xib */; };
		65E6A7D529B87F5300D1CDEB /* ShowStockVC.xib in Resources */ = {isa = PBXBuildFile; fileRef = 65E6A7D229B87F5300D1CDEB /* ShowStockVC.xib */; };
		65E6A7D629B87F5300D1CDEB /* ShowStockVM.swift in Sources */ = {isa = PBXBuildFile; fileRef = 65E6A7D329B87F5300D1CDEB /* ShowStockVM.swift */; };
		65E6A7D729B87F5300D1CDEB /* ShowStockVC.swift in Sources */ = {isa = PBXBuildFile; fileRef = 65E6A7D429B87F5300D1CDEB /* ShowStockVC.swift */; };
		65E6A7DB29B87F6900D1CDEB /* ShowStockTVCell.swift in Sources */ = {isa = PBXBuildFile; fileRef = 65E6A7D929B87F6900D1CDEB /* ShowStockTVCell.swift */; };
		65E6A7DC29B87F6900D1CDEB /* ShowStockTVCell.xib in Resources */ = {isa = PBXBuildFile; fileRef = 65E6A7DA29B87F6900D1CDEB /* ShowStockTVCell.xib */; };
		65E6A7DE29B87FBE00D1CDEB /* FirstModel.swift in Sources */ = {isa = PBXBuildFile; fileRef = 65E6A7DD29B87FBE00D1CDEB /* FirstModel.swift */; };
		65E6A7E029B87FCA00D1CDEB /* FirstAPI.swift in Sources */ = {isa = PBXBuildFile; fileRef = 65E6A7DF29B87FCA00D1CDEB /* FirstAPI.swift */; };
/* End PBXBuildFile section */

/* Begin PBXFileReference section */
		655CBEBE29BEE72B00876D91 /* Contentsize.swift */ = {isa = PBXFileReference; lastKnownFileType = sourcecode.swift; path = Contentsize.swift; sourceTree = "<group>"; };
		655CBEC629C016F400876D91 /* APIManager.swift */ = {isa = PBXFileReference; lastKnownFileType = sourcecode.swift; path = APIManager.swift; sourceTree = "<group>"; };
		655CBEC929C0196100876D91 /* ObserverType+ObjectMapper.swift */ = {isa = PBXFileReference; lastKnownFileType = sourcecode.swift; path = "ObserverType+ObjectMapper.swift"; sourceTree = "<group>"; };
		655CBECB29C0197D00876D91 /* Observable+ObjectMapper.swift */ = {isa = PBXFileReference; lastKnownFileType = sourcecode.swift; path = "Observable+ObjectMapper.swift"; sourceTree = "<group>"; };
		655CBECD29C0198A00876D91 /* Single+MoyaObjectMapper.swift */ = {isa = PBXFileReference; lastKnownFileType = sourcecode.swift; path = "Single+MoyaObjectMapper.swift"; sourceTree = "<group>"; };
		655CBED029C019CC00876D91 /* FirstMoyaAPI.swift */ = {isa = PBXFileReference; lastKnownFileType = sourcecode.swift; path = FirstMoyaAPI.swift; sourceTree = "<group>"; };
		65E6A78129B87CAB00D1CDEB /* DemoStockCrawlerRx.app */ = {isa = PBXFileReference; explicitFileType = wrapper.application; includeInIndex = 0; path = DemoStockCrawlerRx.app; sourceTree = BUILT_PRODUCTS_DIR; };
		65E6A78429B87CAB00D1CDEB /* AppDelegate.swift */ = {isa = PBXFileReference; lastKnownFileType = sourcecode.swift; path = AppDelegate.swift; sourceTree = "<group>"; };
		65E6A78629B87CAB00D1CDEB /* SceneDelegate.swift */ = {isa = PBXFileReference; lastKnownFileType = sourcecode.swift; path = SceneDelegate.swift; sourceTree = "<group>"; };
		65E6A78E29B87CAB00D1CDEB /* DemoStockCrawlerRx.xcdatamodel */ = {isa = PBXFileReference; lastKnownFileType = wrapper.xcdatamodel; path = DemoStockCrawlerRx.xcdatamodel; sourceTree = "<group>"; };
		65E6A79029B87CAB00D1CDEB /* Assets.xcassets */ = {isa = PBXFileReference; lastKnownFileType = folder.assetcatalog; path = Assets.xcassets; sourceTree = "<group>"; };
		65E6A79329B87CAB00D1CDEB /* Base */ = {isa = PBXFileReference; lastKnownFileType = file.storyboard; name = Base; path = Base.lproj/LaunchScreen.storyboard; sourceTree = "<group>"; };
		65E6A79529B87CAB00D1CDEB /* Info.plist */ = {isa = PBXFileReference; lastKnownFileType = text.plist.xml; path = Info.plist; sourceTree = "<group>"; };
		65E6A79B29B87D8E00D1CDEB /* FirstInputVC.xib */ = {isa = PBXFileReference; lastKnownFileType = file.xib; path = FirstInputVC.xib; sourceTree = "<group>"; };
		65E6A79C29B87D8E00D1CDEB /* FirstInputVM.swift */ = {isa = PBXFileReference; lastKnownFileType = sourcecode.swift; path = FirstInputVM.swift; sourceTree = "<group>"; };
		65E6A79D29B87D8E00D1CDEB /* FirstInputVC.swift */ = {isa = PBXFileReference; lastKnownFileType = sourcecode.swift; path = FirstInputVC.swift; sourceTree = "<group>"; };
		65E6A7B029B87E0100D1CDEB /* Tools.swift */ = {isa = PBXFileReference; lastKnownFileType = sourcecode.swift; path = Tools.swift; sourceTree = "<group>"; };
		65E6A7B329B87E2200D1CDEB /* CellDataModel.swift */ = {isa = PBXFileReference; lastKnownFileType = sourcecode.swift; path = CellDataModel.swift; sourceTree = "<group>"; };
		65E6A7B529B87E2C00D1CDEB /* CellIdentifier.swift */ = {isa = PBXFileReference; lastKnownFileType = sourcecode.swift; path = CellIdentifier.swift; sourceTree = "<group>"; };
		65E6A7B729B87E3800D1CDEB /* RowDataSource.swift */ = {isa = PBXFileReference; lastKnownFileType = sourcecode.swift; path = RowDataSource.swift; sourceTree = "<group>"; };
		65E6A7BB29B87E6D00D1CDEB /* TableDataSource.swift */ = {isa = PBXFileReference; lastKnownFileType = sourcecode.swift; path = TableDataSource.swift; sourceTree = "<group>"; };
		65E6A7BD29B87E7B00D1CDEB /* CollectionDataSource.swift */ = {isa = PBXFileReference; lastKnownFileType = sourcecode.swift; path = CollectionDataSource.swift; sourceTree = "<group>"; };
		65E6A7BF29B87E8800D1CDEB /* SectionDataSource.swift */ = {isa = PBXFileReference; lastKnownFileType = sourcecode.swift; path = SectionDataSource.swift; sourceTree = "<group>"; };
		65E6A7C229B87EA300D1CDEB /* UITableViewCell+Extension.swift */ = {isa = PBXFileReference; lastKnownFileType = sourcecode.swift; path = "UITableViewCell+Extension.swift"; sourceTree = "<group>"; };
		65E6A7C429B87EAE00D1CDEB /* UICollectionViewCell+Extension.swift */ = {isa = PBXFileReference; lastKnownFileType = sourcecode.swift; path = "UICollectionViewCell+Extension.swift"; sourceTree = "<group>"; };
		65E6A7C629B87EB900D1CDEB /* UICollectionReusableView+Extension.swift */ = {isa = PBXFileReference; lastKnownFileType = sourcecode.swift; path = "UICollectionReusableView+Extension.swift"; sourceTree = "<group>"; };
		65E6A7C829B87EC300D1CDEB /* UIAlertController+Extension.swift */ = {isa = PBXFileReference; lastKnownFileType = sourcecode.swift; path = "UIAlertController+Extension.swift"; sourceTree = "<group>"; };
		65E6A7CA29B87ECD00D1CDEB /* UIViewController+Extension.swift */ = {isa = PBXFileReference; lastKnownFileType = sourcecode.swift; path = "UIViewController+Extension.swift"; sourceTree = "<group>"; };
		65E6A7CD29B87EF600D1CDEB /* NoneCVReusableView.swift */ = {isa = PBXFileReference; lastKnownFileType = sourcecode.swift; path = NoneCVReusableView.swift; sourceTree = "<group>"; };
		65E6A7CE29B87EF600D1CDEB /* NoneCVReusableView.xib */ = {isa = PBXFileReference; lastKnownFileType = file.xib; path = NoneCVReusableView.xib; sourceTree = "<group>"; };
		65E6A7D229B87F5300D1CDEB /* ShowStockVC.xib */ = {isa = PBXFileReference; lastKnownFileType = file.xib; path = ShowStockVC.xib; sourceTree = "<group>"; };
		65E6A7D329B87F5300D1CDEB /* ShowStockVM.swift */ = {isa = PBXFileReference; lastKnownFileType = sourcecode.swift; path = ShowStockVM.swift; sourceTree = "<group>"; };
		65E6A7D429B87F5300D1CDEB /* ShowStockVC.swift */ = {isa = PBXFileReference; lastKnownFileType = sourcecode.swift; path = ShowStockVC.swift; sourceTree = "<group>"; };
		65E6A7D929B87F6900D1CDEB /* ShowStockTVCell.swift */ = {isa = PBXFileReference; lastKnownFileType = sourcecode.swift; path = ShowStockTVCell.swift; sourceTree = "<group>"; };
		65E6A7DA29B87F6900D1CDEB /* ShowStockTVCell.xib */ = {isa = PBXFileReference; lastKnownFileType = file.xib; path = ShowStockTVCell.xib; sourceTree = "<group>"; };
		65E6A7DD29B87FBE00D1CDEB /* FirstModel.swift */ = {isa = PBXFileReference; lastKnownFileType = sourcecode.swift; path = FirstModel.swift; sourceTree = "<group>"; };
		65E6A7DF29B87FCA00D1CDEB /* FirstAPI.swift */ = {isa = PBXFileReference; lastKnownFileType = sourcecode.swift; path = FirstAPI.swift; sourceTree = "<group>"; };
/* End PBXFileReference section */

/* Begin PBXFrameworksBuildPhase section */
		65E6A77E29B87CAB00D1CDEB /* Frameworks */ = {
			isa = PBXFrameworksBuildPhase;
			buildActionMask = 2147483647;
			files = (
				65E6A7AE29B87DEA00D1CDEB /* Alamofire in Frameworks */,
				65E6A7A829B87DCF00D1CDEB /* ObjectMapper in Frameworks */,
				65E6A7A529B87DC500D1CDEB /* RxSwift in Frameworks */,
				65E6A7AB29B87DDC00D1CDEB /* MBProgressHUD in Frameworks */,
				6527C73929BAFF7000FFDD17 /* SkeletonView in Frameworks */,
				655CBEC229C016D300876D91 /* Moya in Frameworks */,
				655CBEC429C016D300876D91 /* RxMoya in Frameworks */,
				65E6A7A329B87DC500D1CDEB /* RxCocoa in Frameworks */,
			);
			runOnlyForDeploymentPostprocessing = 0;
		};
/* End PBXFrameworksBuildPhase section */

/* Begin PBXGroup section */
		655CBEC529C016E900876D91 /* MoyaAPIService */ = {
			isa = PBXGroup;
			children = (
				655CBEC629C016F400876D91 /* APIManager.swift */,
			);
			path = MoyaAPIService;
			sourceTree = "<group>";
		};
		655CBEC829C0194200876D91 /* RxSwift+Moya+ObjectMapper Extension */ = {
			isa = PBXGroup;
			children = (
				655CBEC929C0196100876D91 /* ObserverType+ObjectMapper.swift */,
				655CBECD29C0198A00876D91 /* Single+MoyaObjectMapper.swift */,
				655CBECB29C0197D00876D91 /* Observable+ObjectMapper.swift */,
			);
			path = "RxSwift+Moya+ObjectMapper Extension";
			sourceTree = "<group>";
		};
		655CBECF29C019C000876D91 /* API */ = {
			isa = PBXGroup;
			children = (
				65E6A7DF29B87FCA00D1CDEB /* FirstAPI.swift */,
				655CBED029C019CC00876D91 /* FirstMoyaAPI.swift */,
			);
			path = API;
			sourceTree = "<group>";
		};
		65E6A77829B87CAB00D1CDEB = {
			isa = PBXGroup;
			children = (
				65E6A78329B87CAB00D1CDEB /* DemoStockCrawlerRx */,
				65E6A78229B87CAB00D1CDEB /* Products */,
			);
			sourceTree = "<group>";
		};
		65E6A78229B87CAB00D1CDEB /* Products */ = {
			isa = PBXGroup;
			children = (
				65E6A78129B87CAB00D1CDEB /* DemoStockCrawlerRx.app */,
			);
			name = Products;
			sourceTree = "<group>";
		};
		65E6A78329B87CAB00D1CDEB /* DemoStockCrawlerRx */ = {
			isa = PBXGroup;
			children = (
				655CBEC529C016E900876D91 /* MoyaAPIService */,
				65E6A78429B87CAB00D1CDEB /* AppDelegate.swift */,
				65E6A78629B87CAB00D1CDEB /* SceneDelegate.swift */,
				65E6A79D29B87D8E00D1CDEB /* FirstInputVC.swift */,
				65E6A79B29B87D8E00D1CDEB /* FirstInputVC.xib */,
				65E6A79C29B87D8E00D1CDEB /* FirstInputVM.swift */,
				655CBECF29C019C000876D91 /* API */,
				65E6A7DD29B87FBE00D1CDEB /* FirstModel.swift */,
				65E6A7D129B87F2900D1CDEB /* ShowStock */,
				65E6A7CC29B87EDD00D1CDEB /* GenericCollectionViewCell */,
				65E6A7AF29B87DF600D1CDEB /* Tools */,
				65E6A7C129B87E9100D1CDEB /* Extension */,
				65E6A7B929B87E4400D1CDEB /* CustomClass */,
				65E6A7B229B87E0F00D1CDEB /* ProtocolExtension */,
				65E6A79029B87CAB00D1CDEB /* Assets.xcassets */,
				655CBEC829C0194200876D91 /* RxSwift+Moya+ObjectMapper Extension */,
				65E6A79229B87CAB00D1CDEB /* LaunchScreen.storyboard */,
				65E6A79529B87CAB00D1CDEB /* Info.plist */,
				65E6A78D29B87CAB00D1CDEB /* DemoStockCrawlerRx.xcdatamodeld */,
			);
			path = DemoStockCrawlerRx;
			sourceTree = "<group>";
		};
		65E6A7AF29B87DF600D1CDEB /* Tools */ = {
			isa = PBXGroup;
			children = (
				65E6A7B029B87E0100D1CDEB /* Tools.swift */,
			);
			path = Tools;
			sourceTree = "<group>";
		};
		65E6A7B229B87E0F00D1CDEB /* ProtocolExtension */ = {
			isa = PBXGroup;
			children = (
				65E6A7B329B87E2200D1CDEB /* CellDataModel.swift */,
				65E6A7B529B87E2C00D1CDEB /* CellIdentifier.swift */,
				65E6A7B729B87E3800D1CDEB /* RowDataSource.swift */,
			);
			path = ProtocolExtension;
			sourceTree = "<group>";
		};
		65E6A7B929B87E4400D1CDEB /* CustomClass */ = {
			isa = PBXGroup;
			children = (
				65E6A7BA29B87E6100D1CDEB /* CellDataSource */,
				655CBEBE29BEE72B00876D91 /* Contentsize.swift */,
			);
			path = CustomClass;
			sourceTree = "<group>";
		};
		65E6A7BA29B87E6100D1CDEB /* CellDataSource */ = {
			isa = PBXGroup;
			children = (
				65E6A7BB29B87E6D00D1CDEB /* TableDataSource.swift */,
				65E6A7BD29B87E7B00D1CDEB /* CollectionDataSource.swift */,
				65E6A7BF29B87E8800D1CDEB /* SectionDataSource.swift */,
			);
			path = CellDataSource;
			sourceTree = "<group>";
		};
		65E6A7C129B87E9100D1CDEB /* Extension */ = {
			isa = PBXGroup;
			children = (
				65E6A7C229B87EA300D1CDEB /* UITableViewCell+Extension.swift */,
				65E6A7C429B87EAE00D1CDEB /* UICollectionViewCell+Extension.swift */,
				65E6A7C629B87EB900D1CDEB /* UICollectionReusableView+Extension.swift */,
				65E6A7C829B87EC300D1CDEB /* UIAlertController+Extension.swift */,
				65E6A7CA29B87ECD00D1CDEB /* UIViewController+Extension.swift */,
			);
			path = Extension;
			sourceTree = "<group>";
		};
		65E6A7CC29B87EDD00D1CDEB /* GenericCollectionViewCell */ = {
			isa = PBXGroup;
			children = (
				65E6A7CD29B87EF600D1CDEB /* NoneCVReusableView.swift */,
				65E6A7CE29B87EF600D1CDEB /* NoneCVReusableView.xib */,
			);
			path = GenericCollectionViewCell;
			sourceTree = "<group>";
		};
		65E6A7D129B87F2900D1CDEB /* ShowStock */ = {
			isa = PBXGroup;
			children = (
				65E6A7D429B87F5300D1CDEB /* ShowStockVC.swift */,
				65E6A7D229B87F5300D1CDEB /* ShowStockVC.xib */,
				65E6A7D329B87F5300D1CDEB /* ShowStockVM.swift */,
				65E6A7D829B87F5A00D1CDEB /* ShowStockTVCell */,
			);
			path = ShowStock;
			sourceTree = "<group>";
		};
		65E6A7D829B87F5A00D1CDEB /* ShowStockTVCell */ = {
			isa = PBXGroup;
			children = (
				65E6A7D929B87F6900D1CDEB /* ShowStockTVCell.swift */,
				65E6A7DA29B87F6900D1CDEB /* ShowStockTVCell.xib */,
			);
			path = ShowStockTVCell;
			sourceTree = "<group>";
		};
/* End PBXGroup section */

/* Begin PBXNativeTarget section */
		65E6A78029B87CAB00D1CDEB /* DemoStockCrawlerRx */ = {
			isa = PBXNativeTarget;
			buildConfigurationList = 65E6A79829B87CAB00D1CDEB /* Build configuration list for PBXNativeTarget "DemoStockCrawlerRx" */;
			buildPhases = (
				65E6A77D29B87CAB00D1CDEB /* Sources */,
				65E6A77E29B87CAB00D1CDEB /* Frameworks */,
				65E6A77F29B87CAB00D1CDEB /* Resources */,
			);
			buildRules = (
			);
			dependencies = (
			);
			name = DemoStockCrawlerRx;
			packageProductDependencies = (
				65E6A7A229B87DC500D1CDEB /* RxCocoa */,
				65E6A7A429B87DC500D1CDEB /* RxSwift */,
				65E6A7A729B87DCF00D1CDEB /* ObjectMapper */,
				65E6A7AA29B87DDC00D1CDEB /* MBProgressHUD */,
				65E6A7AD29B87DEA00D1CDEB /* Alamofire */,
				6527C73829BAFF7000FFDD17 /* SkeletonView */,
				655CBEC129C016D300876D91 /* Moya */,
				655CBEC329C016D300876D91 /* RxMoya */,
			);
			productName = DemoStockCrawlerRx;
			productReference = 65E6A78129B87CAB00D1CDEB /* DemoStockCrawlerRx.app */;
			productType = "com.apple.product-type.application";
		};
/* End PBXNativeTarget section */

/* Begin PBXProject section */
		65E6A77929B87CAB00D1CDEB /* Project object */ = {
			isa = PBXProject;
			attributes = {
				BuildIndependentTargetsInParallel = 1;
				LastSwiftUpdateCheck = 1420;
				LastUpgradeCheck = 1420;
				TargetAttributes = {
					65E6A78029B87CAB00D1CDEB = {
						CreatedOnToolsVersion = 14.2;
					};
				};
			};
			buildConfigurationList = 65E6A77C29B87CAB00D1CDEB /* Build configuration list for PBXProject "DemoStockCrawlerRx" */;
			compatibilityVersion = "Xcode 14.0";
			developmentRegion = en;
			hasScannedForEncodings = 0;
			knownRegions = (
				en,
				Base,
			);
			mainGroup = 65E6A77829B87CAB00D1CDEB;
			packageReferences = (
				65E6A7A129B87DC500D1CDEB /* XCRemoteSwiftPackageReference "RxSwift" */,
				65E6A7A629B87DCF00D1CDEB /* XCRemoteSwiftPackageReference "ObjectMapper" */,
				65E6A7A929B87DDC00D1CDEB /* XCRemoteSwiftPackageReference "MBProgressHUD" */,
				65E6A7AC29B87DEA00D1CDEB /* XCRemoteSwiftPackageReference "Alamofire" */,
				6527C73729BAFF7000FFDD17 /* XCRemoteSwiftPackageReference "SkeletonView" */,
				655CBEC029C016D300876D91 /* XCRemoteSwiftPackageReference "Moya" */,
			);
			productRefGroup = 65E6A78229B87CAB00D1CDEB /* Products */;
			projectDirPath = "";
			projectRoot = "";
			targets = (
				65E6A78029B87CAB00D1CDEB /* DemoStockCrawlerRx */,
			);
		};
/* End PBXProject section */

/* Begin PBXResourcesBuildPhase section */
		65E6A77F29B87CAB00D1CDEB /* Resources */ = {
			isa = PBXResourcesBuildPhase;
			buildActionMask = 2147483647;
			files = (
				65E6A79429B87CAB00D1CDEB /* LaunchScreen.storyboard in Resources */,
				65E6A79E29B87D8E00D1CDEB /* FirstInputVC.xib in Resources */,
				65E6A7D029B87EF600D1CDEB /* NoneCVReusableView.xib in Resources */,
				65E6A79129B87CAB00D1CDEB /* Assets.xcassets in Resources */,
				65E6A7D529B87F5300D1CDEB /* ShowStockVC.xib in Resources */,
				65E6A7DC29B87F6900D1CDEB /* ShowStockTVCell.xib in Resources */,
			);
			runOnlyForDeploymentPostprocessing = 0;
		};
/* End PBXResourcesBuildPhase section */

/* Begin PBXSourcesBuildPhase section */
		65E6A77D29B87CAB00D1CDEB /* Sources */ = {
			isa = PBXSourcesBuildPhase;
			buildActionMask = 2147483647;
			files = (
				65E6A79F29B87D8E00D1CDEB /* FirstInputVM.swift in Sources */,
				65E6A7A029B87D8E00D1CDEB /* FirstInputVC.swift in Sources */,
				655CBEBF29BEE72B00876D91 /* Contentsize.swift in Sources */,
				65E6A7DB29B87F6900D1CDEB /* ShowStockTVCell.swift in Sources */,
				65E6A7C529B87EAE00D1CDEB /* UICollectionViewCell+Extension.swift in Sources */,
				65E6A7D629B87F5300D1CDEB /* ShowStockVM.swift in Sources */,
				65E6A7B629B87E2C00D1CDEB /* CellIdentifier.swift in Sources */,
				65E6A7CB29B87ECD00D1CDEB /* UIViewController+Extension.swift in Sources */,
				65E6A7C329B87EA300D1CDEB /* UITableViewCell+Extension.swift in Sources */,
				65E6A7BE29B87E7B00D1CDEB /* CollectionDataSource.swift in Sources */,
				65E6A78529B87CAB00D1CDEB /* AppDelegate.swift in Sources */,
				65E6A7C729B87EB900D1CDEB /* UICollectionReusableView+Extension.swift in Sources */,
				655CBED129C019CC00876D91 /* FirstMoyaAPI.swift in Sources */,
				65E6A7D729B87F5300D1CDEB /* ShowStockVC.swift in Sources */,
				65E6A7B129B87E0100D1CDEB /* Tools.swift in Sources */,
				65E6A7E029B87FCA00D1CDEB /* FirstAPI.swift in Sources */,
				655CBECC29C0197D00876D91 /* Observable+ObjectMapper.swift in Sources */,
				65E6A7CF29B87EF600D1CDEB /* NoneCVReusableView.swift in Sources */,
				65E6A7DE29B87FBE00D1CDEB /* FirstModel.swift in Sources */,
				655CBECA29C0196100876D91 /* ObserverType+ObjectMapper.swift in Sources */,
				655CBECE29C0198A00876D91 /* Single+MoyaObjectMapper.swift in Sources */,
				65E6A78F29B87CAB00D1CDEB /* DemoStockCrawlerRx.xcdatamodeld in Sources */,
				65E6A7C929B87EC300D1CDEB /* UIAlertController+Extension.swift in Sources */,
				65E6A7B829B87E3800D1CDEB /* RowDataSource.swift in Sources */,
				65E6A7BC29B87E6D00D1CDEB /* TableDataSource.swift in Sources */,
				65E6A7B429B87E2200D1CDEB /* CellDataModel.swift in Sources */,
				655CBEC729C016F400876D91 /* APIManager.swift in Sources */,
				65E6A7C029B87E8800D1CDEB /* SectionDataSource.swift in Sources */,
				65E6A78729B87CAB00D1CDEB /* SceneDelegate.swift in Sources */,
			);
			runOnlyForDeploymentPostprocessing = 0;
		};
/* End PBXSourcesBuildPhase section */

/* Begin PBXVariantGroup section */
		65E6A79229B87CAB00D1CDEB /* LaunchScreen.storyboard */ = {
			isa = PBXVariantGroup;
			children = (
				65E6A79329B87CAB00D1CDEB /* Base */,
			);
			name = LaunchScreen.storyboard;
			sourceTree = "<group>";
		};
/* End PBXVariantGroup section */

/* Begin XCBuildConfiguration section */
		65E6A79629B87CAB00D1CDEB /* Debug */ = {
			isa = XCBuildConfiguration;
			buildSettings = {
				ALWAYS_SEARCH_USER_PATHS = NO;
				CLANG_ANALYZER_NONNULL = YES;
				CLANG_ANALYZER_NUMBER_OBJECT_CONVERSION = YES_AGGRESSIVE;
				CLANG_CXX_LANGUAGE_STANDARD = "gnu++20";
				CLANG_ENABLE_MODULES = YES;
				CLANG_ENABLE_OBJC_ARC = YES;
				CLANG_ENABLE_OBJC_WEAK = YES;
				CLANG_WARN_BLOCK_CAPTURE_AUTORELEASING = YES;
				CLANG_WARN_BOOL_CONVERSION = YES;
				CLANG_WARN_COMMA = YES;
				CLANG_WARN_CONSTANT_CONVERSION = YES;
				CLANG_WARN_DEPRECATED_OBJC_IMPLEMENTATIONS = YES;
				CLANG_WARN_DIRECT_OBJC_ISA_USAGE = YES_ERROR;
				CLANG_WARN_DOCUMENTATION_COMMENTS = YES;
				CLANG_WARN_EMPTY_BODY = YES;
				CLANG_WARN_ENUM_CONVERSION = YES;
				CLANG_WARN_INFINITE_RECURSION = YES;
				CLANG_WARN_INT_CONVERSION = YES;
				CLANG_WARN_NON_LITERAL_NULL_CONVERSION = YES;
				CLANG_WARN_OBJC_IMPLICIT_RETAIN_SELF = YES;
				CLANG_WARN_OBJC_LITERAL_CONVERSION = YES;
				CLANG_WARN_OBJC_ROOT_CLASS = YES_ERROR;
				CLANG_WARN_QUOTED_INCLUDE_IN_FRAMEWORK_HEADER = YES;
				CLANG_WARN_RANGE_LOOP_ANALYSIS = YES;
				CLANG_WARN_STRICT_PROTOTYPES = YES;
				CLANG_WARN_SUSPICIOUS_MOVE = YES;
				CLANG_WARN_UNGUARDED_AVAILABILITY = YES_AGGRESSIVE;
				CLANG_WARN_UNREACHABLE_CODE = YES;
				CLANG_WARN__DUPLICATE_METHOD_MATCH = YES;
				COPY_PHASE_STRIP = NO;
				DEBUG_INFORMATION_FORMAT = dwarf;
				ENABLE_STRICT_OBJC_MSGSEND = YES;
				ENABLE_TESTABILITY = YES;
				GCC_C_LANGUAGE_STANDARD = gnu11;
				GCC_DYNAMIC_NO_PIC = NO;
				GCC_NO_COMMON_BLOCKS = YES;
				GCC_OPTIMIZATION_LEVEL = 0;
				GCC_PREPROCESSOR_DEFINITIONS = (
					"DEBUG=1",
					"$(inherited)",
				);
				GCC_WARN_64_TO_32_BIT_CONVERSION = YES;
				GCC_WARN_ABOUT_RETURN_TYPE = YES_ERROR;
				GCC_WARN_UNDECLARED_SELECTOR = YES;
				GCC_WARN_UNINITIALIZED_AUTOS = YES_AGGRESSIVE;
				GCC_WARN_UNUSED_FUNCTION = YES;
				GCC_WARN_UNUSED_VARIABLE = YES;
				IPHONEOS_DEPLOYMENT_TARGET = 13.0;
				MTL_ENABLE_DEBUG_INFO = INCLUDE_SOURCE;
				MTL_FAST_MATH = YES;
				ONLY_ACTIVE_ARCH = YES;
				SDKROOT = iphoneos;
				SWIFT_ACTIVE_COMPILATION_CONDITIONS = DEBUG;
				SWIFT_OPTIMIZATION_LEVEL = "-Onone";
			};
			name = Debug;
		};
		65E6A79729B87CAB00D1CDEB /* Release */ = {
			isa = XCBuildConfiguration;
			buildSettings = {
				ALWAYS_SEARCH_USER_PATHS = NO;
				CLANG_ANALYZER_NONNULL = YES;
				CLANG_ANALYZER_NUMBER_OBJECT_CONVERSION = YES_AGGRESSIVE;
				CLANG_CXX_LANGUAGE_STANDARD = "gnu++20";
				CLANG_ENABLE_MODULES = YES;
				CLANG_ENABLE_OBJC_ARC = YES;
				CLANG_ENABLE_OBJC_WEAK = YES;
				CLANG_WARN_BLOCK_CAPTURE_AUTORELEASING = YES;
				CLANG_WARN_BOOL_CONVERSION = YES;
				CLANG_WARN_COMMA = YES;
				CLANG_WARN_CONSTANT_CONVERSION = YES;
				CLANG_WARN_DEPRECATED_OBJC_IMPLEMENTATIONS = YES;
				CLANG_WARN_DIRECT_OBJC_ISA_USAGE = YES_ERROR;
				CLANG_WARN_DOCUMENTATION_COMMENTS = YES;
				CLANG_WARN_EMPTY_BODY = YES;
				CLANG_WARN_ENUM_CONVERSION = YES;
				CLANG_WARN_INFINITE_RECURSION = YES;
				CLANG_WARN_INT_CONVERSION = YES;
				CLANG_WARN_NON_LITERAL_NULL_CONVERSION = YES;
				CLANG_WARN_OBJC_IMPLICIT_RETAIN_SELF = YES;
				CLANG_WARN_OBJC_LITERAL_CONVERSION = YES;
				CLANG_WARN_OBJC_ROOT_CLASS = YES_ERROR;
				CLANG_WARN_QUOTED_INCLUDE_IN_FRAMEWORK_HEADER = YES;
				CLANG_WARN_RANGE_LOOP_ANALYSIS = YES;
				CLANG_WARN_STRICT_PROTOTYPES = YES;
				CLANG_WARN_SUSPICIOUS_MOVE = YES;
				CLANG_WARN_UNGUARDED_AVAILABILITY = YES_AGGRESSIVE;
				CLANG_WARN_UNREACHABLE_CODE = YES;
				CLANG_WARN__DUPLICATE_METHOD_MATCH = YES;
				COPY_PHASE_STRIP = NO;
				DEBUG_INFORMATION_FORMAT = "dwarf-with-dsym";
				ENABLE_NS_ASSERTIONS = NO;
				ENABLE_STRICT_OBJC_MSGSEND = YES;
				GCC_C_LANGUAGE_STANDARD = gnu11;
				GCC_NO_COMMON_BLOCKS = YES;
				GCC_WARN_64_TO_32_BIT_CONVERSION = YES;
				GCC_WARN_ABOUT_RETURN_TYPE = YES_ERROR;
				GCC_WARN_UNDECLARED_SELECTOR = YES;
				GCC_WARN_UNINITIALIZED_AUTOS = YES_AGGRESSIVE;
				GCC_WARN_UNUSED_FUNCTION = YES;
				GCC_WARN_UNUSED_VARIABLE = YES;
				IPHONEOS_DEPLOYMENT_TARGET = 13.0;
				MTL_ENABLE_DEBUG_INFO = NO;
				MTL_FAST_MATH = YES;
				SDKROOT = iphoneos;
				SWIFT_COMPILATION_MODE = wholemodule;
				SWIFT_OPTIMIZATION_LEVEL = "-O";
				VALIDATE_PRODUCT = YES;
			};
			name = Release;
		};
		65E6A79929B87CAB00D1CDEB /* Debug */ = {
			isa = XCBuildConfiguration;
			buildSettings = {
				ASSETCATALOG_COMPILER_APPICON_NAME = AppIcon;
				ASSETCATALOG_COMPILER_GLOBAL_ACCENT_COLOR_NAME = AccentColor;
				CODE_SIGN_STYLE = Automatic;
				CURRENT_PROJECT_VERSION = 1;
				DEVELOPMENT_TEAM = QPCZVV36G4;
				GENERATE_INFOPLIST_FILE = YES;
				INFOPLIST_FILE = DemoStockCrawlerRx/Info.plist;
				INFOPLIST_KEY_UIApplicationSupportsIndirectInputEvents = YES;
				INFOPLIST_KEY_UILaunchStoryboardName = LaunchScreen;
				INFOPLIST_KEY_UISupportedInterfaceOrientations_iPad = "UIInterfaceOrientationPortrait UIInterfaceOrientationPortraitUpsideDown UIInterfaceOrientationLandscapeLeft UIInterfaceOrientationLandscapeRight";
				INFOPLIST_KEY_UISupportedInterfaceOrientations_iPhone = "UIInterfaceOrientationPortrait UIInterfaceOrientationLandscapeLeft UIInterfaceOrientationLandscapeRight";
				LD_RUNPATH_SEARCH_PATHS = (
					"$(inherited)",
					"@executable_path/Frameworks",
				);
				MARKETING_VERSION = 1.0;
				PRODUCT_BUNDLE_IDENTIFIER = com.jay.DemoStockCrawlerRx;
				PRODUCT_NAME = "$(TARGET_NAME)";
				SWIFT_EMIT_LOC_STRINGS = YES;
				SWIFT_VERSION = 5.0;
				TARGETED_DEVICE_FAMILY = "1,2";
			};
			name = Debug;
		};
		65E6A79A29B87CAB00D1CDEB /* Release */ = {
			isa = XCBuildConfiguration;
			buildSettings = {
				ASSETCATALOG_COMPILER_APPICON_NAME = AppIcon;
				ASSETCATALOG_COMPILER_GLOBAL_ACCENT_COLOR_NAME = AccentColor;
				CODE_SIGN_STYLE = Automatic;
				CURRENT_PROJECT_VERSION = 1;
				DEVELOPMENT_TEAM = QPCZVV36G4;
				GENERATE_INFOPLIST_FILE = YES;
				INFOPLIST_FILE = DemoStockCrawlerRx/Info.plist;
				INFOPLIST_KEY_UIApplicationSupportsIndirectInputEvents = YES;
				INFOPLIST_KEY_UILaunchStoryboardName = LaunchScreen;
				INFOPLIST_KEY_UISupportedInterfaceOrientations_iPad = "UIInterfaceOrientationPortrait UIInterfaceOrientationPortraitUpsideDown UIInterfaceOrientationLandscapeLeft UIInterfaceOrientationLandscapeRight";
				INFOPLIST_KEY_UISupportedInterfaceOrientations_iPhone = "UIInterfaceOrientationPortrait UIInterfaceOrientationLandscapeLeft UIInterfaceOrientationLandscapeRight";
				LD_RUNPATH_SEARCH_PATHS = (
					"$(inherited)",
					"@executable_path/Frameworks",
				);
				MARKETING_VERSION = 1.0;
				PRODUCT_BUNDLE_IDENTIFIER = com.jay.DemoStockCrawlerRx;
				PRODUCT_NAME = "$(TARGET_NAME)";
				SWIFT_EMIT_LOC_STRINGS = YES;
				SWIFT_VERSION = 5.0;
				TARGETED_DEVICE_FAMILY = "1,2";
			};
			name = Release;
		};
/* End XCBuildConfiguration section */

/* Begin XCConfigurationList section */
		65E6A77C29B87CAB00D1CDEB /* Build configuration list for PBXProject "DemoStockCrawlerRx" */ = {
			isa = XCConfigurationList;
			buildConfigurations = (
				65E6A79629B87CAB00D1CDEB /* Debug */,
				65E6A79729B87CAB00D1CDEB /* Release */,
			);
			defaultConfigurationIsVisible = 0;
			defaultConfigurationName = Release;
		};
		65E6A79829B87CAB00D1CDEB /* Build configuration list for PBXNativeTarget "DemoStockCrawlerRx" */ = {
			isa = XCConfigurationList;
			buildConfigurations = (
				65E6A79929B87CAB00D1CDEB /* Debug */,
				65E6A79A29B87CAB00D1CDEB /* Release */,
			);
			defaultConfigurationIsVisible = 0;
			defaultConfigurationName = Release;
		};
/* End XCConfigurationList section */

/* Begin XCRemoteSwiftPackageReference section */
		6527C73729BAFF7000FFDD17 /* XCRemoteSwiftPackageReference "SkeletonView" */ = {
			isa = XCRemoteSwiftPackageReference;
			repositoryURL = "https://github.com/Juanpe/SkeletonView.git";
			requirement = {
				kind = upToNextMinorVersion;
				minimumVersion = 1.9.0;
			};
		};
		655CBEC029C016D300876D91 /* XCRemoteSwiftPackageReference "Moya" */ = {
			isa = XCRemoteSwiftPackageReference;
			repositoryURL = "https://github.com/Moya/Moya.git";
			requirement = {
				kind = exactVersion;
				version = 15.0.0;
			};
		};
		65E6A7A129B87DC500D1CDEB /* XCRemoteSwiftPackageReference "RxSwift" */ = {
			isa = XCRemoteSwiftPackageReference;
			repositoryURL = "https://github.com/ReactiveX/RxSwift.git";
			requirement = {
				kind = upToNextMinorVersion;
				minimumVersion = 6.5.0;
			};
		};
		65E6A7A629B87DCF00D1CDEB /* XCRemoteSwiftPackageReference "ObjectMapper" */ = {
			isa = XCRemoteSwiftPackageReference;
			repositoryURL = "https://github.com/tristanhimmelman/ObjectMapper.git";
			requirement = {
				kind = upToNextMinorVersion;
				minimumVersion = 4.2.0;
			};
		};
		65E6A7A929B87DDC00D1CDEB /* XCRemoteSwiftPackageReference "MBProgressHUD" */ = {
			isa = XCRemoteSwiftPackageReference;
			repositoryURL = "https://github.com/jdg/MBProgressHUD.git";
			requirement = {
				kind = upToNextMinorVersion;
				minimumVersion = 1.2.0;
			};
		};
		65E6A7AC29B87DEA00D1CDEB /* XCRemoteSwiftPackageReference "Alamofire" */ = {
			isa = XCRemoteSwiftPackageReference;
			repositoryURL = "https://github.com/Alamofire/Alamofire.git";
			requirement = {
				kind = upToNextMinorVersion;
				minimumVersion = 5.6.0;
			};
		};
/* End XCRemoteSwiftPackageReference section */

/* Begin XCSwiftPackageProductDependency section */
		6527C73829BAFF7000FFDD17 /* SkeletonView */ = {
			isa = XCSwiftPackageProductDependency;
			package = 6527C73729BAFF7000FFDD17 /* XCRemoteSwiftPackageReference "SkeletonView" */;
			productName = SkeletonView;
		};
		655CBEC129C016D300876D91 /* Moya */ = {
			isa = XCSwiftPackageProductDependency;
			package = 655CBEC029C016D300876D91 /* XCRemoteSwiftPackageReference "Moya" */;
			productName = Moya;
		};
		655CBEC329C016D300876D91 /* RxMoya */ = {
			isa = XCSwiftPackageProductDependency;
			package = 655CBEC029C016D300876D91 /* XCRemoteSwiftPackageReference "Moya" */;
			productName = RxMoya;
		};
		65E6A7A229B87DC500D1CDEB /* RxCocoa */ = {
			isa = XCSwiftPackageProductDependency;
			package = 65E6A7A129B87DC500D1CDEB /* XCRemoteSwiftPackageReference "RxSwift" */;
			productName = RxCocoa;
		};
		65E6A7A429B87DC500D1CDEB /* RxSwift */ = {
			isa = XCSwiftPackageProductDependency;
			package = 65E6A7A129B87DC500D1CDEB /* XCRemoteSwiftPackageReference "RxSwift" */;
			productName = RxSwift;
		};
		65E6A7A729B87DCF00D1CDEB /* ObjectMapper */ = {
			isa = XCSwiftPackageProductDependency;
			package = 65E6A7A629B87DCF00D1CDEB /* XCRemoteSwiftPackageReference "ObjectMapper" */;
			productName = ObjectMapper;
		};
		65E6A7AA29B87DDC00D1CDEB /* MBProgressHUD */ = {
			isa = XCSwiftPackageProductDependency;
			package = 65E6A7A929B87DDC00D1CDEB /* XCRemoteSwiftPackageReference "MBProgressHUD" */;
			productName = MBProgressHUD;
		};
		65E6A7AD29B87DEA00D1CDEB /* Alamofire */ = {
			isa = XCSwiftPackageProductDependency;
			package = 65E6A7AC29B87DEA00D1CDEB /* XCRemoteSwiftPackageReference "Alamofire" */;
			productName = Alamofire;
		};
/* End XCSwiftPackageProductDependency section */

/* Begin XCVersionGroup section */
		65E6A78D29B87CAB00D1CDEB /* DemoStockCrawlerRx.xcdatamodeld */ = {
			isa = XCVersionGroup;
			children = (
				65E6A78E29B87CAB00D1CDEB /* DemoStockCrawlerRx.xcdatamodel */,
			);
			currentVersion = 65E6A78E29B87CAB00D1CDEB /* DemoStockCrawlerRx.xcdatamodel */;
			path = DemoStockCrawlerRx.xcdatamodeld;
			sourceTree = "<group>";
			versionGroupType = wrapper.xcdatamodel;
		};
/* End XCVersionGroup section */
	};
	rootObject = 65E6A77929B87CAB00D1CDEB /* Project object */;
}
